
Microsoft Visual Studio Solution File, Format Version 12.00
# Visual Studio Version 17
VisualStudioVersion = 17.14.36623.8 d17.14
MinimumVisualStudioVersion = 10.0.40219.1
Project("{FAE04EC0-301F-11D3-BF4B-00C04F79EFBC}") = "Vozila", "Vozila\Vozila.csproj", "{3221AD96-E6EF-4C3C-9C71-51C60505F305}"
EndProject
Project("{FAE04EC0-301F-11D3-BF4B-00C04F79EFBC}") = "Vozila.DataAccess", "Vozila.DataAccess\Vozila.DataAccess.csproj", "{17864B05-945C-4291-A012-81C5A8984E9E}"
EndProject
Project("{FAE04EC0-301F-11D3-BF4B-00C04F79EFBC}") = "Vozila.Domain", "Vozila.Domain\Vozila.Domain.csproj", "{2CD216D3-4C14-46D0-A323-6C621A3A26C8}"
EndProject
Project("{FAE04EC0-301F-11D3-BF4B-00C04F79EFBC}") = "Vozila.Services", "Vozila.Services\Vozila.Services.csproj", "{EC3E60CD-2BB9-4736-8A9C-271F86ECBA8B}"
EndProject
Project("{FAE04EC0-301F-11D3-BF4B-00C04F79EFBC}") = "Vozila.ViewModels", "Vozila.ViewModels\Vozila.ViewModels.csproj", "{C949D1B1-60FD-46B7-9C87-2242D4D84242}"
EndProject
Global
	GlobalSection(SolutionConfigurationPlatforms) = preSolution
		Debug|Any CPU = Debug|Any CPU
		Release|Any CPU = Release|Any CPU
	EndGlobalSection
	GlobalSection(ProjectConfigurationPlatforms) = postSolution
		{3221AD96-E6EF-4C3C-9C71-51C60505F305}.Debug|Any CPU.ActiveCfg = Debug|Any CPU
		{3221AD96-E6EF-4C3C-9C71-51C60505F305}.Debug|Any CPU.Build.0 = Debug|Any CPU
		{3221AD96-E6EF-4C3C-9C71-51C60505F305}.Release|Any CPU.ActiveCfg = Release|Any CPU
		{3221AD96-E6EF-4C3C-9C71-51C60505F305}.Release|Any CPU.Build.0 = Release|Any CPU
		{17864B05-945C-4291-A012-81C5A8984E9E}.Debug|Any CPU.ActiveCfg = Debug|Any CPU
		{17864B05-945C-4291-A012-81C5A8984E9E}.Debug|Any CPU.Build.0 = Debug|Any CPU
		{17864B05-945C-4291-A012-81C5A8984E9E}.Release|Any CPU.ActiveCfg = Release|Any CPU
		{17864B05-945C-4291-A012-81C5A8984E9E}.Release|Any CPU.Build.0 = Release|Any CPU
		{2CD216D3-4C14-46D0-A323-6C621A3A26C8}.Debug|Any CPU.ActiveCfg = Debug|Any CPU
		{2CD216D3-4C14-46D0-A323-6C621A3A26C8}.Debug|Any CPU.Build.0 = Debug|Any CPU
		{2CD216D3-4C14-46D0-A323-6C621A3A26C8}.Release|Any CPU.ActiveCfg = Release|Any CPU
		{2CD216D3-4C14-46D0-A323-6C621A3A26C8}.Release|Any CPU.Build.0 = Release|Any CPU
		{EC3E60CD-2BB9-4736-8A9C-271F86ECBA8B}.Debug|Any CPU.ActiveCfg = Debug|Any CPU
		{EC3E60CD-2BB9-4736-8A9C-271F86ECBA8B}.Debug|Any CPU.Build.0 = Debug|Any CPU
		{EC3E60CD-2BB9-4736-8A9C-271F86ECBA8B}.Release|Any CPU.ActiveCfg = Release|Any CPU
		{EC3E60CD-2BB9-4736-8A9C-271F86ECBA8B}.Release|Any CPU.Build.0 = Release|Any CPU
		{C949D1B1-60FD-46B7-9C87-2242D4D84242}.Debug|Any CPU.ActiveCfg = Debug|Any CPU
		{C949D1B1-60FD-46B7-9C87-2242D4D84242}.Debug|Any CPU.Build.0 = Debug|Any CPU
		{C949D1B1-60FD-46B7-9C87-2242D4D84242}.Release|Any CPU.ActiveCfg = Release|Any CPU
		{C949D1B1-60FD-46B7-9C87-2242D4D84242}.Release|Any CPU.Build.0 = Release|Any CPU
	EndGlobalSection
	GlobalSection(SolutionProperties) = preSolution
		HideSolutionNode = FALSE
	EndGlobalSection
	GlobalSection(ExtensibilityGlobals) = postSolution
		SolutionGuid = {7E158441-F976-478F-82BE-2EAB23DC4B6C}
	EndGlobalSection
EndGlobal
